// !$*UTF8*$!
{
	archiveVersion = 1;
	classes = {
	};
	objectVersion = 56;
	objects = {

/* Begin PBXBuildFile section */
		9B22193D2B0719220059106D /* Event.cpp in Sources */ = {isa = PBXBuildFile; fileRef = 9B22193B2B0719220059106D /* Event.cpp */; };
		9B2219402B0719C40059106D /* SL_PriorityQueue.cpp in Sources */ = {isa = PBXBuildFile; fileRef = 9B22193E2B0719C40059106D /* SL_PriorityQueue.cpp */; };
		9B2219442B071A310059106D /* LinkedSortedList.cpp in Sources */ = {isa = PBXBuildFile; fileRef = 9B2219422B071A310059106D /* LinkedSortedList.cpp */; };
		9B2219482B071B220059106D /* Node.cpp in Sources */ = {isa = PBXBuildFile; fileRef = 9B2219462B071B220059106D /* Node.cpp */; };
		9B22194B2B071B7B0059106D /* PrecondViolatedExcep.cpp in Sources */ = {isa = PBXBuildFile; fileRef = 9B22194A2B071B7B0059106D /* PrecondViolatedExcep.cpp */; };
		9B2219502B071C9E0059106D /* main.cpp in Sources */ = {isa = PBXBuildFile; fileRef = 9B22194F2B071C9E0059106D /* main.cpp */; };
		9B2219532B071D960059106D /* ArrayQueue.cpp in Sources */ = {isa = PBXBuildFile; fileRef = 9B2219522B071D960059106D /* ArrayQueue.cpp */; };
		9B2219572B071DD00059106D /* TacoSimulation.cpp in Sources */ = {isa = PBXBuildFile; fileRef = 9B2219552B071DD00059106D /* TacoSimulation.cpp */; };
/* End PBXBuildFile section */

/* Begin PBXCopyFilesBuildPhase section */
		9BF7F73A2B0699AB00C135D1 /* CopyFiles */ = {
			isa = PBXCopyFilesBuildPhase;
			buildActionMask = 2147483647;
			dstPath = /usr/share/man/man1/;
			dstSubfolderSpec = 0;
			files = (
			);
			runOnlyForDeploymentPostprocessing = 1;
		};
/* End PBXCopyFilesBuildPhase section */

/* Begin PBXFileReference section */
		9B2219392B07039D0059106D /* tacofryinput.txt */ = {isa = PBXFileReference; lastKnownFileType = text; path = tacofryinput.txt; sourceTree = "<group>"; };
		9B22193B2B0719220059106D /* Event.cpp */ = {isa = PBXFileReference; lastKnownFileType = sourcecode.cpp.cpp; path = Event.cpp; sourceTree = "<group>"; };
		9B22193C2B0719220059106D /* Event.h */ = {isa = PBXFileReference; lastKnownFileType = sourcecode.c.h; path = Event.h; sourceTree = "<group>"; };
		9B22193E2B0719C40059106D /* SL_PriorityQueue.cpp */ = {isa = PBXFileReference; lastKnownFileType = sourcecode.cpp.cpp; path = SL_PriorityQueue.cpp; sourceTree = "<group>"; };
		9B22193F2B0719C40059106D /* SL_PriorityQueue.h */ = {isa = PBXFileReference; lastKnownFileType = sourcecode.c.h; path = SL_PriorityQueue.h; sourceTree = "<group>"; };
		9B2219412B071A010059106D /* PriorityQueueInterface.h */ = {isa = PBXFileReference; lastKnownFileType = sourcecode.c.h; path = PriorityQueueInterface.h; sourceTree = "<group>"; };
		9B2219422B071A310059106D /* LinkedSortedList.cpp */ = {isa = PBXFileReference; lastKnownFileType = sourcecode.cpp.cpp; path = LinkedSortedList.cpp; sourceTree = "<group>"; };
		9B2219432B071A310059106D /* LinkedSortedList.h */ = {isa = PBXFileReference; lastKnownFileType = sourcecode.c.h; path = LinkedSortedList.h; sourceTree = "<group>"; };
		9B2219452B071AF40059106D /* SortedListInterface.h */ = {isa = PBXFileReference; lastKnownFileType = sourcecode.c.h; path = SortedListInterface.h; sourceTree = "<group>"; };
		9B2219462B071B220059106D /* Node.cpp */ = {isa = PBXFileReference; fileEncoding = 4; lastKnownFileType = sourcecode.cpp.cpp; path = Node.cpp; sourceTree = "<group>"; };
		9B2219472B071B220059106D /* Node.h */ = {isa = PBXFileReference; fileEncoding = 4; lastKnownFileType = sourcecode.c.h; path = Node.h; sourceTree = "<group>"; };
		9B2219492B071B590059106D /* PrecondViolatedExcep.h */ = {isa = PBXFileReference; lastKnownFileType = sourcecode.c.h; path = PrecondViolatedExcep.h; sourceTree = "<group>"; };
		9B22194A2B071B7B0059106D /* PrecondViolatedExcep.cpp */ = {isa = PBXFileReference; lastKnownFileType = sourcecode.cpp.cpp; path = PrecondViolatedExcep.cpp; sourceTree = "<group>"; };
		9B22194F2B071C9E0059106D /* main.cpp */ = {isa = PBXFileReference; lastKnownFileType = sourcecode.cpp.cpp; path = main.cpp; sourceTree = "<group>"; };
		9B2219512B071D960059106D /* ArrayQueue.h */ = {isa = PBXFileReference; fileEncoding = 4; lastKnownFileType = sourcecode.c.h; path = ArrayQueue.h; sourceTree = "<group>"; };
		9B2219522B071D960059106D /* ArrayQueue.cpp */ = {isa = PBXFileReference; fileEncoding = 4; lastKnownFileType = sourcecode.cpp.cpp; path = ArrayQueue.cpp; sourceTree = "<group>"; };
		9B2219552B071DD00059106D /* TacoSimulation.cpp */ = {isa = PBXFileReference; lastKnownFileType = sourcecode.cpp.cpp; path = TacoSimulation.cpp; sourceTree = "<group>"; };
		9B2219562B071DD00059106D /* TacoSimulation.h */ = {isa = PBXFileReference; lastKnownFileType = sourcecode.c.h; path = TacoSimulation.h; sourceTree = "<group>"; };
		9B2219582B071E280059106D /* QueueInterface.h */ = {isa = PBXFileReference; lastKnownFileType = sourcecode.c.h; path = QueueInterface.h; sourceTree = "<group>"; };
		9BF7F73C2B0699AB00C135D1 /* lab5 */ = {isa = PBXFileReference; explicitFileType = "compiled.mach-o.executable"; includeInIndex = 0; path = lab5; sourceTree = BUILT_PRODUCTS_DIR; };
/* End PBXFileReference section */

/* Begin PBXFrameworksBuildPhase section */
		9BF7F7392B0699AB00C135D1 /* Frameworks */ = {
			isa = PBXFrameworksBuildPhase;
			buildActionMask = 2147483647;
			files = (
			);
			runOnlyForDeploymentPostprocessing = 0;
		};
/* End PBXFrameworksBuildPhase section */

/* Begin PBXGroup section */
		9BF7F7332B0699AB00C135D1 = {
			isa = PBXGroup;
			children = (
				9B2219392B07039D0059106D /* tacofryinput.txt */,
				9BF7F73E2B0699AB00C135D1 /* lab5 */,
				9BF7F73D2B0699AB00C135D1 /* Products */,
			);
			sourceTree = "<group>";
		};
		9BF7F73D2B0699AB00C135D1 /* Products */ = {
			isa = PBXGroup;
			children = (
				9BF7F73C2B0699AB00C135D1 /* lab5 */,
			);
			name = Products;
			sourceTree = "<group>";
		};
		9BF7F73E2B0699AB00C135D1 /* lab5 */ = {
			isa = PBXGroup;
			children = (
				9B22194F2B071C9E0059106D /* main.cpp */,
				9B2219562B071DD00059106D /* TacoSimulation.h */,
				9B22193C2B0719220059106D /* Event.h */,
				9B2219512B071D960059106D /* ArrayQueue.h */,
				9B2219432B071A310059106D /* LinkedSortedList.h */,
				9B22193F2B0719C40059106D /* SL_PriorityQueue.h */,
				9B2219412B071A010059106D /* PriorityQueueInterface.h */,
				9B2219452B071AF40059106D /* SortedListInterface.h */,
				9B2219582B071E280059106D /* QueueInterface.h */,
				9B2219492B071B590059106D /* PrecondViolatedExcep.h */,
				9B2219472B071B220059106D /* Node.h */,
				9B2219552B071DD00059106D /* TacoSimulation.cpp */,
				9B22193B2B0719220059106D /* Event.cpp */,
				9B2219522B071D960059106D /* ArrayQueue.cpp */,
				9B2219422B071A310059106D /* LinkedSortedList.cpp */,
				9B22193E2B0719C40059106D /* SL_PriorityQueue.cpp */,
				9B2219462B071B220059106D /* Node.cpp */,
				9B22194A2B071B7B0059106D /* PrecondViolatedExcep.cpp */,
			);
			path = lab5;
			sourceTree = "<group>";
		};
/* End PBXGroup section */

/* Begin PBXNativeTarget section */
		9BF7F73B2B0699AB00C135D1 /* lab5 */ = {
			isa = PBXNativeTarget;
			buildConfigurationList = 9BF7F7432B0699AB00C135D1 /* Build configuration list for PBXNativeTarget "lab5" */;
			buildPhases = (
				9BF7F7382B0699AB00C135D1 /* Sources */,
				9BF7F7392B0699AB00C135D1 /* Frameworks */,
				9BF7F73A2B0699AB00C135D1 /* CopyFiles */,
			);
			buildRules = (
			);
			dependencies = (
			);
			name = lab5;
			productName = lab5;
			productReference = 9BF7F73C2B0699AB00C135D1 /* lab5 */;
			productType = "com.apple.product-type.tool";
		};
/* End PBXNativeTarget section */

/* Begin PBXProject section */
		9BF7F7342B0699AB00C135D1 /* Project object */ = {
			isa = PBXProject;
			attributes = {
				BuildIndependentTargetsInParallel = 1;
				LastUpgradeCheck = 1500;
				TargetAttributes = {
					9BF7F73B2B0699AB00C135D1 = {
						CreatedOnToolsVersion = 15.0.1;
					};
				};
			};
			buildConfigurationList = 9BF7F7372B0699AB00C135D1 /* Build configuration list for PBXProject "lab5" */;
			compatibilityVersion = "Xcode 14.0";
			developmentRegion = en;
			hasScannedForEncodings = 0;
			knownRegions = (
				en,
				Base,
			);
			mainGroup = 9BF7F7332B0699AB00C135D1;
			productRefGroup = 9BF7F73D2B0699AB00C135D1 /* Products */;
			projectDirPath = "";
			projectRoot = "";
			targets = (
				9BF7F73B2B0699AB00C135D1 /* lab5 */,
			);
		};
/* End PBXProject section */

/* Begin PBXSourcesBuildPhase section */
		9BF7F7382B0699AB00C135D1 /* Sources */ = {
			isa = PBXSourcesBuildPhase;
			buildActionMask = 2147483647;
			files = (
				9B22194B2B071B7B0059106D /* PrecondViolatedExcep.cpp in Sources */,
				9B2219442B071A310059106D /* LinkedSortedList.cpp in Sources */,
				9B2219532B071D960059106D /* ArrayQueue.cpp in Sources */,
				9B22193D2B0719220059106D /* Event.cpp in Sources */,
				9B2219502B071C9E0059106D /* main.cpp in Sources */,
				9B2219402B0719C40059106D /* SL_PriorityQueue.cpp in Sources */,
				9B2219482B071B220059106D /* Node.cpp in Sources */,
				9B2219572B071DD00059106D /* TacoSimulation.cpp in Sources */,
			);
			runOnlyForDeploymentPostprocessing = 0;
		};
/* End PBXSourcesBuildPhase section */

/* Begin XCBuildConfiguration section */
		9BF7F7412B0699AB00C135D1 /* Debug */ = {
			isa = XCBuildConfiguration;
			buildSettings = {
				ALWAYS_SEARCH_USER_PATHS = NO;
				ASSETCATALOG_COMPILER_GENERATE_SWIFT_ASSET_SYMBOL_EXTENSIONS = YES;
				CLANG_ANALYZER_NONNULL = YES;
				CLANG_ANALYZER_NUMBER_OBJECT_CONVERSION = YES_AGGRESSIVE;
				CLANG_CXX_LANGUAGE_STANDARD = "gnu++20";
				CLANG_ENABLE_MODULES = YES;
				CLANG_ENABLE_OBJC_ARC = YES;
				CLANG_ENABLE_OBJC_WEAK = YES;
				CLANG_WARN_BLOCK_CAPTURE_AUTORELEASING = YES;
				CLANG_WARN_BOOL_CONVERSION = YES;
				CLANG_WARN_COMMA = YES;
				CLANG_WARN_CONSTANT_CONVERSION = YES;
				CLANG_WARN_DEPRECATED_OBJC_IMPLEMENTATIONS = YES;
				CLANG_WARN_DIRECT_OBJC_ISA_USAGE = YES_ERROR;
				CLANG_WARN_DOCUMENTATION_COMMENTS = YES;
				CLANG_WARN_EMPTY_BODY = YES;
				CLANG_WARN_ENUM_CONVERSION = YES;
				CLANG_WARN_INFINITE_RECURSION = YES;
				CLANG_WARN_INT_CONVERSION = YES;
				CLANG_WARN_NON_LITERAL_NULL_CONVERSION = YES;
				CLANG_WARN_OBJC_IMPLICIT_RETAIN_SELF = YES;
				CLANG_WARN_OBJC_LITERAL_CONVERSION = YES;
				CLANG_WARN_OBJC_ROOT_CLASS = YES_ERROR;
				CLANG_WARN_QUOTED_INCLUDE_IN_FRAMEWORK_HEADER = YES;
				CLANG_WARN_RANGE_LOOP_ANALYSIS = YES;
				CLANG_WARN_STRICT_PROTOTYPES = YES;
				CLANG_WARN_SUSPICIOUS_MOVE = YES;
				CLANG_WARN_UNGUARDED_AVAILABILITY = YES_AGGRESSIVE;
				CLANG_WARN_UNREACHABLE_CODE = YES;
				CLANG_WARN__DUPLICATE_METHOD_MATCH = YES;
				COPY_PHASE_STRIP = NO;
				DEBUG_INFORMATION_FORMAT = dwarf;
				ENABLE_STRICT_OBJC_MSGSEND = YES;
				ENABLE_TESTABILITY = YES;
				ENABLE_USER_SCRIPT_SANDBOXING = YES;
				GCC_C_LANGUAGE_STANDARD = gnu17;
				GCC_DYNAMIC_NO_PIC = NO;
				GCC_NO_COMMON_BLOCKS = YES;
				GCC_OPTIMIZATION_LEVEL = 0;
				GCC_PREPROCESSOR_DEFINITIONS = (
					"DEBUG=1",
					"$(inherited)",
				);
				GCC_WARN_64_TO_32_BIT_CONVERSION = YES;
				GCC_WARN_ABOUT_RETURN_TYPE = YES_ERROR;
				GCC_WARN_UNDECLARED_SELECTOR = YES;
				GCC_WARN_UNINITIALIZED_AUTOS = YES_AGGRESSIVE;
				GCC_WARN_UNUSED_FUNCTION = YES;
				GCC_WARN_UNUSED_VARIABLE = YES;
				LOCALIZATION_PREFERS_STRING_CATALOGS = YES;
				MACOSX_DEPLOYMENT_TARGET = 14.0;
				MTL_ENABLE_DEBUG_INFO = INCLUDE_SOURCE;
				MTL_FAST_MATH = YES;
				ONLY_ACTIVE_ARCH = YES;
				SDKROOT = macosx;
			};
			name = Debug;
		};
		9BF7F7422B0699AB00C135D1 /* Release */ = {
			isa = XCBuildConfiguration;
			buildSettings = {
				ALWAYS_SEARCH_USER_PATHS = NO;
				ASSETCATALOG_COMPILER_GENERATE_SWIFT_ASSET_SYMBOL_EXTENSIONS = YES;
				CLANG_ANALYZER_NONNULL = YES;
				CLANG_ANALYZER_NUMBER_OBJECT_CONVERSION = YES_AGGRESSIVE;
				CLANG_CXX_LANGUAGE_STANDARD = "gnu++20";
				CLANG_ENABLE_MODULES = YES;
				CLANG_ENABLE_OBJC_ARC = YES;
				CLANG_ENABLE_OBJC_WEAK = YES;
				CLANG_WARN_BLOCK_CAPTURE_AUTORELEASING = YES;
				CLANG_WARN_BOOL_CONVERSION = YES;
				CLANG_WARN_COMMA = YES;
				CLANG_WARN_CONSTANT_CONVERSION = YES;
				CLANG_WARN_DEPRECATED_OBJC_IMPLEMENTATIONS = YES;
				CLANG_WARN_DIRECT_OBJC_ISA_USAGE = YES_ERROR;
				CLANG_WARN_DOCUMENTATION_COMMENTS = YES;
				CLANG_WARN_EMPTY_BODY = YES;
				CLANG_WARN_ENUM_CONVERSION = YES;
				CLANG_WARN_INFINITE_RECURSION = YES;
				CLANG_WARN_INT_CONVERSION = YES;
				CLANG_WARN_NON_LITERAL_NULL_CONVERSION = YES;
				CLANG_WARN_OBJC_IMPLICIT_RETAIN_SELF = YES;
				CLANG_WARN_OBJC_LITERAL_CONVERSION = YES;
				CLANG_WARN_OBJC_ROOT_CLASS = YES_ERROR;
				CLANG_WARN_QUOTED_INCLUDE_IN_FRAMEWORK_HEADER = YES;
				CLANG_WARN_RANGE_LOOP_ANALYSIS = YES;
				CLANG_WARN_STRICT_PROTOTYPES = YES;
				CLANG_WARN_SUSPICIOUS_MOVE = YES;
				CLANG_WARN_UNGUARDED_AVAILABILITY = YES_AGGRESSIVE;
				CLANG_WARN_UNREACHABLE_CODE = YES;
				CLANG_WARN__DUPLICATE_METHOD_MATCH = YES;
				COPY_PHASE_STRIP = NO;
				DEBUG_INFORMATION_FORMAT = "dwarf-with-dsym";
				ENABLE_NS_ASSERTIONS = NO;
				ENABLE_STRICT_OBJC_MSGSEND = YES;
				ENABLE_USER_SCRIPT_SANDBOXING = YES;
				GCC_C_LANGUAGE_STANDARD = gnu17;
				GCC_NO_COMMON_BLOCKS = YES;
				GCC_WARN_64_TO_32_BIT_CONVERSION = YES;
				GCC_WARN_ABOUT_RETURN_TYPE = YES_ERROR;
				GCC_WARN_UNDECLARED_SELECTOR = YES;
				GCC_WARN_UNINITIALIZED_AUTOS = YES_AGGRESSIVE;
				GCC_WARN_UNUSED_FUNCTION = YES;
				GCC_WARN_UNUSED_VARIABLE = YES;
				LOCALIZATION_PREFERS_STRING_CATALOGS = YES;
				MACOSX_DEPLOYMENT_TARGET = 14.0;
				MTL_ENABLE_DEBUG_INFO = NO;
				MTL_FAST_MATH = YES;
				SDKROOT = macosx;
			};
			name = Release;
		};
		9BF7F7442B0699AB00C135D1 /* Debug */ = {
			isa = XCBuildConfiguration;
			buildSettings = {
				CODE_SIGN_STYLE = Automatic;
				PRODUCT_NAME = "$(TARGET_NAME)";
			};
			name = Debug;
		};
		9BF7F7452B0699AB00C135D1 /* Release */ = {
			isa = XCBuildConfiguration;
			buildSettings = {
				CODE_SIGN_STYLE = Automatic;
				PRODUCT_NAME = "$(TARGET_NAME)";
			};
			name = Release;
		};
/* End XCBuildConfiguration section */

/* Begin XCConfigurationList section */
		9BF7F7372B0699AB00C135D1 /* Build configuration list for PBXProject "lab5" */ = {
			isa = XCConfigurationList;
			buildConfigurations = (
				9BF7F7412B0699AB00C135D1 /* Debug */,
				9BF7F7422B0699AB00C135D1 /* Release */,
			);
			defaultConfigurationIsVisible = 0;
			defaultConfigurationName = Release;
		};
		9BF7F7432B0699AB00C135D1 /* Build configuration list for PBXNativeTarget "lab5" */ = {
			isa = XCConfigurationList;
			buildConfigurations = (
				9BF7F7442B0699AB00C135D1 /* Debug */,
				9BF7F7452B0699AB00C135D1 /* Release */,
			);
			defaultConfigurationIsVisible = 0;
			defaultConfigurationName = Release;
		};
/* End XCConfigurationList section */
	};
	rootObject = 9BF7F7342B0699AB00C135D1 /* Project object */;
}
