// !$*UTF8*$!
{
	archiveVersion = 1;
	classes = {
	};
	objectVersion = 56;
	objects = {

/* Begin PBXBuildFile section */
		9B6472932B0983760049FD0F /* main.cpp in Sources */ = {isa = PBXBuildFile; fileRef = 9B6472922B0983760049FD0F /* main.cpp */; };
		9B64729B2B0983D10049FD0F /* Inventory.cpp in Sources */ = {isa = PBXBuildFile; fileRef = 9B6472992B0983D10049FD0F /* Inventory.cpp */; };
		9B6472A02B09948C0049FD0F /* LinkedSortedList.cpp in Sources */ = {isa = PBXBuildFile; fileRef = 9B64729E2B09948C0049FD0F /* LinkedSortedList.cpp */; };
		9B6472A42B099C3A0049FD0F /* Node.cpp in Sources */ = {isa = PBXBuildFile; fileRef = 9B6472A22B099C3A0049FD0F /* Node.cpp */; };
		9B6472AA2B099DBB0049FD0F /* PrecondViolatedExcep.cpp in Sources */ = {isa = PBXBuildFile; fileRef = 9B6472A82B099DBB0049FD0F /* PrecondViolatedExcep.cpp */; };
/* End PBXBuildFile section */

/* Begin PBXCopyFilesBuildPhase section */
		9B64728D2B0983760049FD0F /* CopyFiles */ = {
			isa = PBXCopyFilesBuildPhase;
			buildActionMask = 2147483647;
			dstPath = /usr/share/man/man1/;
			dstSubfolderSpec = 0;
			files = (
			);
			runOnlyForDeploymentPostprocessing = 1;
		};
/* End PBXCopyFilesBuildPhase section */

/* Begin PBXFileReference section */
		9B64728F2B0983760049FD0F /* lab5b */ = {isa = PBXFileReference; explicitFileType = "compiled.mach-o.executable"; includeInIndex = 0; path = lab5b; sourceTree = BUILT_PRODUCTS_DIR; };
		9B6472922B0983760049FD0F /* main.cpp */ = {isa = PBXFileReference; lastKnownFileType = sourcecode.cpp.cpp; path = main.cpp; sourceTree = "<group>"; };
		9B6472992B0983D10049FD0F /* Inventory.cpp */ = {isa = PBXFileReference; lastKnownFileType = sourcecode.cpp.cpp; path = Inventory.cpp; sourceTree = "<group>"; };
		9B64729A2B0983D10049FD0F /* Inventory.h */ = {isa = PBXFileReference; lastKnownFileType = sourcecode.c.h; path = Inventory.h; sourceTree = "<group>"; };
		9B64729C2B09846C0049FD0F /* directions.txt */ = {isa = PBXFileReference; lastKnownFileType = text; path = directions.txt; sourceTree = "<group>"; };
		9B64729D2B0987AA0049FD0F /* inventory.txt */ = {isa = PBXFileReference; lastKnownFileType = text; path = inventory.txt; sourceTree = "<group>"; };
		9B64729E2B09948C0049FD0F /* LinkedSortedList.cpp */ = {isa = PBXFileReference; lastKnownFileType = sourcecode.cpp.cpp; path = LinkedSortedList.cpp; sourceTree = "<group>"; };
		9B64729F2B09948C0049FD0F /* LinkedSortedList.h */ = {isa = PBXFileReference; lastKnownFileType = sourcecode.c.h; path = LinkedSortedList.h; sourceTree = "<group>"; };
		9B6472A12B099BF80049FD0F /* SortedListInterface.h */ = {isa = PBXFileReference; lastKnownFileType = sourcecode.c.h; path = SortedListInterface.h; sourceTree = "<group>"; };
		9B6472A22B099C3A0049FD0F /* Node.cpp */ = {isa = PBXFileReference; fileEncoding = 4; lastKnownFileType = sourcecode.cpp.cpp; path = Node.cpp; sourceTree = "<group>"; };
		9B6472A32B099C3A0049FD0F /* Node.h */ = {isa = PBXFileReference; fileEncoding = 4; lastKnownFileType = sourcecode.c.h; path = Node.h; sourceTree = "<group>"; };
		9B6472A82B099DBB0049FD0F /* PrecondViolatedExcep.cpp */ = {isa = PBXFileReference; lastKnownFileType = sourcecode.cpp.cpp; path = PrecondViolatedExcep.cpp; sourceTree = "<group>"; };
		9B6472A92B099DBB0049FD0F /* PrecondViolatedExcep.h */ = {isa = PBXFileReference; lastKnownFileType = sourcecode.c.h; path = PrecondViolatedExcep.h; sourceTree = "<group>"; };
/* End PBXFileReference section */

/* Begin PBXFrameworksBuildPhase section */
		9B64728C2B0983760049FD0F /* Frameworks */ = {
			isa = PBXFrameworksBuildPhase;
			buildActionMask = 2147483647;
			files = (
			);
			runOnlyForDeploymentPostprocessing = 0;
		};
/* End PBXFrameworksBuildPhase section */

/* Begin PBXGroup section */
		9B6472862B0983760049FD0F = {
			isa = PBXGroup;
			children = (
				9B64729D2B0987AA0049FD0F /* inventory.txt */,
				9B6472912B0983760049FD0F /* lab5b */,
				9B6472902B0983760049FD0F /* Products */,
			);
			sourceTree = "<group>";
		};
		9B6472902B0983760049FD0F /* Products */ = {
			isa = PBXGroup;
			children = (
				9B64728F2B0983760049FD0F /* lab5b */,
			);
			name = Products;
			sourceTree = "<group>";
		};
		9B6472912B0983760049FD0F /* lab5b */ = {
			isa = PBXGroup;
			children = (
				9B64729C2B09846C0049FD0F /* directions.txt */,
				9B6472922B0983760049FD0F /* main.cpp */,
				9B64729A2B0983D10049FD0F /* Inventory.h */,
				9B64729F2B09948C0049FD0F /* LinkedSortedList.h */,
				9B6472A32B099C3A0049FD0F /* Node.h */,
				9B6472A12B099BF80049FD0F /* SortedListInterface.h */,
				9B6472A92B099DBB0049FD0F /* PrecondViolatedExcep.h */,
				9B6472992B0983D10049FD0F /* Inventory.cpp */,
				9B64729E2B09948C0049FD0F /* LinkedSortedList.cpp */,
				9B6472A22B099C3A0049FD0F /* Node.cpp */,
				9B6472A82B099DBB0049FD0F /* PrecondViolatedExcep.cpp */,
			);
			path = lab5b;
			sourceTree = "<group>";
		};
/* End PBXGroup section */

/* Begin PBXNativeTarget section */
		9B64728E2B0983760049FD0F /* lab5b */ = {
			isa = PBXNativeTarget;
			buildConfigurationList = 9B6472962B0983760049FD0F /* Build configuration list for PBXNativeTarget "lab5b" */;
			buildPhases = (
				9B64728B2B0983760049FD0F /* Sources */,
				9B64728C2B0983760049FD0F /* Frameworks */,
				9B64728D2B0983760049FD0F /* CopyFiles */,
			);
			buildRules = (
			);
			dependencies = (
			);
			name = lab5b;
			productName = lab5b;
			productReference = 9B64728F2B0983760049FD0F /* lab5b */;
			productType = "com.apple.product-type.tool";
		};
/* End PBXNativeTarget section */

/* Begin PBXProject section */
		9B6472872B0983760049FD0F /* Project object */ = {
			isa = PBXProject;
			attributes = {
				BuildIndependentTargetsInParallel = 1;
				LastUpgradeCheck = 1500;
				TargetAttributes = {
					9B64728E2B0983760049FD0F = {
						CreatedOnToolsVersion = 15.0.1;
					};
				};
			};
			buildConfigurationList = 9B64728A2B0983760049FD0F /* Build configuration list for PBXProject "lab5b" */;
			compatibilityVersion = "Xcode 14.0";
			developmentRegion = en;
			hasScannedForEncodings = 0;
			knownRegions = (
				en,
				Base,
			);
			mainGroup = 9B6472862B0983760049FD0F;
			productRefGroup = 9B6472902B0983760049FD0F /* Products */;
			projectDirPath = "";
			projectRoot = "";
			targets = (
				9B64728E2B0983760049FD0F /* lab5b */,
			);
		};
/* End PBXProject section */

/* Begin PBXSourcesBuildPhase section */
		9B64728B2B0983760049FD0F /* Sources */ = {
			isa = PBXSourcesBuildPhase;
			buildActionMask = 2147483647;
			files = (
				9B6472AA2B099DBB0049FD0F /* PrecondViolatedExcep.cpp in Sources */,
				9B6472A02B09948C0049FD0F /* LinkedSortedList.cpp in Sources */,
				9B64729B2B0983D10049FD0F /* Inventory.cpp in Sources */,
				9B6472932B0983760049FD0F /* main.cpp in Sources */,
				9B6472A42B099C3A0049FD0F /* Node.cpp in Sources */,
			);
			runOnlyForDeploymentPostprocessing = 0;
		};
/* End PBXSourcesBuildPhase section */

/* Begin XCBuildConfiguration section */
		9B6472942B0983760049FD0F /* Debug */ = {
			isa = XCBuildConfiguration;
			buildSettings = {
				ALWAYS_SEARCH_USER_PATHS = NO;
				ASSETCATALOG_COMPILER_GENERATE_SWIFT_ASSET_SYMBOL_EXTENSIONS = YES;
				CLANG_ANALYZER_NONNULL = YES;
				CLANG_ANALYZER_NUMBER_OBJECT_CONVERSION = YES_AGGRESSIVE;
				CLANG_CXX_LANGUAGE_STANDARD = "gnu++20";
				CLANG_ENABLE_MODULES = YES;
				CLANG_ENABLE_OBJC_ARC = YES;
				CLANG_ENABLE_OBJC_WEAK = YES;
				CLANG_WARN_BLOCK_CAPTURE_AUTORELEASING = YES;
				CLANG_WARN_BOOL_CONVERSION = YES;
				CLANG_WARN_COMMA = YES;
				CLANG_WARN_CONSTANT_CONVERSION = YES;
				CLANG_WARN_DEPRECATED_OBJC_IMPLEMENTATIONS = YES;
				CLANG_WARN_DIRECT_OBJC_ISA_USAGE = YES_ERROR;
				CLANG_WARN_DOCUMENTATION_COMMENTS = YES;
				CLANG_WARN_EMPTY_BODY = YES;
				CLANG_WARN_ENUM_CONVERSION = YES;
				CLANG_WARN_INFINITE_RECURSION = YES;
				CLANG_WARN_INT_CONVERSION = YES;
				CLANG_WARN_NON_LITERAL_NULL_CONVERSION = YES;
				CLANG_WARN_OBJC_IMPLICIT_RETAIN_SELF = YES;
				CLANG_WARN_OBJC_LITERAL_CONVERSION = YES;
				CLANG_WARN_OBJC_ROOT_CLASS = YES_ERROR;
				CLANG_WARN_QUOTED_INCLUDE_IN_FRAMEWORK_HEADER = YES;
				CLANG_WARN_RANGE_LOOP_ANALYSIS = YES;
				CLANG_WARN_STRICT_PROTOTYPES = YES;
				CLANG_WARN_SUSPICIOUS_MOVE = YES;
				CLANG_WARN_UNGUARDED_AVAILABILITY = YES_AGGRESSIVE;
				CLANG_WARN_UNREACHABLE_CODE = YES;
				CLANG_WARN__DUPLICATE_METHOD_MATCH = YES;
				COPY_PHASE_STRIP = NO;
				DEBUG_INFORMATION_FORMAT = dwarf;
				ENABLE_STRICT_OBJC_MSGSEND = YES;
				ENABLE_TESTABILITY = YES;
				ENABLE_USER_SCRIPT_SANDBOXING = YES;
				GCC_C_LANGUAGE_STANDARD = gnu17;
				GCC_DYNAMIC_NO_PIC = NO;
				GCC_NO_COMMON_BLOCKS = YES;
				GCC_OPTIMIZATION_LEVEL = 0;
				GCC_PREPROCESSOR_DEFINITIONS = (
					"DEBUG=1",
					"$(inherited)",
				);
				GCC_WARN_64_TO_32_BIT_CONVERSION = YES;
				GCC_WARN_ABOUT_RETURN_TYPE = YES_ERROR;
				GCC_WARN_UNDECLARED_SELECTOR = YES;
				GCC_WARN_UNINITIALIZED_AUTOS = YES_AGGRESSIVE;
				GCC_WARN_UNUSED_FUNCTION = YES;
				GCC_WARN_UNUSED_VARIABLE = YES;
				LOCALIZATION_PREFERS_STRING_CATALOGS = YES;
				MACOSX_DEPLOYMENT_TARGET = 14.0;
				MTL_ENABLE_DEBUG_INFO = INCLUDE_SOURCE;
				MTL_FAST_MATH = YES;
				ONLY_ACTIVE_ARCH = YES;
				SDKROOT = macosx;
			};
			name = Debug;
		};
		9B6472952B0983760049FD0F /* Release */ = {
			isa = XCBuildConfiguration;
			buildSettings = {
				ALWAYS_SEARCH_USER_PATHS = NO;
				ASSETCATALOG_COMPILER_GENERATE_SWIFT_ASSET_SYMBOL_EXTENSIONS = YES;
				CLANG_ANALYZER_NONNULL = YES;
				CLANG_ANALYZER_NUMBER_OBJECT_CONVERSION = YES_AGGRESSIVE;
				CLANG_CXX_LANGUAGE_STANDARD = "gnu++20";
				CLANG_ENABLE_MODULES = YES;
				CLANG_ENABLE_OBJC_ARC = YES;
				CLANG_ENABLE_OBJC_WEAK = YES;
				CLANG_WARN_BLOCK_CAPTURE_AUTORELEASING = YES;
				CLANG_WARN_BOOL_CONVERSION = YES;
				CLANG_WARN_COMMA = YES;
				CLANG_WARN_CONSTANT_CONVERSION = YES;
				CLANG_WARN_DEPRECATED_OBJC_IMPLEMENTATIONS = YES;
				CLANG_WARN_DIRECT_OBJC_ISA_USAGE = YES_ERROR;
				CLANG_WARN_DOCUMENTATION_COMMENTS = YES;
				CLANG_WARN_EMPTY_BODY = YES;
				CLANG_WARN_ENUM_CONVERSION = YES;
				CLANG_WARN_INFINITE_RECURSION = YES;
				CLANG_WARN_INT_CONVERSION = YES;
				CLANG_WARN_NON_LITERAL_NULL_CONVERSION = YES;
				CLANG_WARN_OBJC_IMPLICIT_RETAIN_SELF = YES;
				CLANG_WARN_OBJC_LITERAL_CONVERSION = YES;
				CLANG_WARN_OBJC_ROOT_CLASS = YES_ERROR;
				CLANG_WARN_QUOTED_INCLUDE_IN_FRAMEWORK_HEADER = YES;
				CLANG_WARN_RANGE_LOOP_ANALYSIS = YES;
				CLANG_WARN_STRICT_PROTOTYPES = YES;
				CLANG_WARN_SUSPICIOUS_MOVE = YES;
				CLANG_WARN_UNGUARDED_AVAILABILITY = YES_AGGRESSIVE;
				CLANG_WARN_UNREACHABLE_CODE = YES;
				CLANG_WARN__DUPLICATE_METHOD_MATCH = YES;
				COPY_PHASE_STRIP = NO;
				DEBUG_INFORMATION_FORMAT = "dwarf-with-dsym";
				ENABLE_NS_ASSERTIONS = NO;
				ENABLE_STRICT_OBJC_MSGSEND = YES;
				ENABLE_USER_SCRIPT_SANDBOXING = YES;
				GCC_C_LANGUAGE_STANDARD = gnu17;
				GCC_NO_COMMON_BLOCKS = YES;
				GCC_WARN_64_TO_32_BIT_CONVERSION = YES;
				GCC_WARN_ABOUT_RETURN_TYPE = YES_ERROR;
				GCC_WARN_UNDECLARED_SELECTOR = YES;
				GCC_WARN_UNINITIALIZED_AUTOS = YES_AGGRESSIVE;
				GCC_WARN_UNUSED_FUNCTION = YES;
				GCC_WARN_UNUSED_VARIABLE = YES;
				LOCALIZATION_PREFERS_STRING_CATALOGS = YES;
				MACOSX_DEPLOYMENT_TARGET = 14.0;
				MTL_ENABLE_DEBUG_INFO = NO;
				MTL_FAST_MATH = YES;
				SDKROOT = macosx;
			};
			name = Release;
		};
		9B6472972B0983760049FD0F /* Debug */ = {
			isa = XCBuildConfiguration;
			buildSettings = {
				CODE_SIGN_STYLE = Automatic;
				PRODUCT_NAME = "$(TARGET_NAME)";
			};
			name = Debug;
		};
		9B6472982B0983760049FD0F /* Release */ = {
			isa = XCBuildConfiguration;
			buildSettings = {
				CODE_SIGN_STYLE = Automatic;
				PRODUCT_NAME = "$(TARGET_NAME)";
			};
			name = Release;
		};
/* End XCBuildConfiguration section */

/* Begin XCConfigurationList section */
		9B64728A2B0983760049FD0F /* Build configuration list for PBXProject "lab5b" */ = {
			isa = XCConfigurationList;
			buildConfigurations = (
				9B6472942B0983760049FD0F /* Debug */,
				9B6472952B0983760049FD0F /* Release */,
			);
			defaultConfigurationIsVisible = 0;
			defaultConfigurationName = Release;
		};
		9B6472962B0983760049FD0F /* Build configuration list for PBXNativeTarget "lab5b" */ = {
			isa = XCConfigurationList;
			buildConfigurations = (
				9B6472972B0983760049FD0F /* Debug */,
				9B6472982B0983760049FD0F /* Release */,
			);
			defaultConfigurationIsVisible = 0;
			defaultConfigurationName = Release;
		};
/* End XCConfigurationList section */
	};
	rootObject = 9B6472872B0983760049FD0F /* Project object */;
}
